
Microsoft Visual Studio Solution File, Format Version 12.00
# Visual Studio Version 16
VisualStudioVersion = 16.0.31129.286
MinimumVisualStudioVersion = 10.0.40219.1
Project("{9A19103F-16F7-4668-BE54-9A1E7A4F7556}") = "Insuarance", "Insuarance.csproj", "{180BB149-E97A-486D-BF94-7E5A9D318FA2}"
EndProject
Project("{FAE04EC0-301F-11D3-BF4B-00C04F79EFBC}") = "InsuaranceModels", "..\InsuaranceModels\InsuaranceModels.csproj", "{13CEB994-34D7-4403-B1CC-76C90EBB671E}"
EndProject
Global
	GlobalSection(SolutionConfigurationPlatforms) = preSolution
		Debug|Any CPU = Debug|Any CPU
		Release|Any CPU = Release|Any CPU
	EndGlobalSection
	GlobalSection(ProjectConfigurationPlatforms) = postSolution
		{180BB149-E97A-486D-BF94-7E5A9D318FA2}.Debug|Any CPU.ActiveCfg = Debug|Any CPU
		{180BB149-E97A-486D-BF94-7E5A9D318FA2}.Debug|Any CPU.Build.0 = Debug|Any CPU
		{180BB149-E97A-486D-BF94-7E5A9D318FA2}.Release|Any CPU.ActiveCfg = Release|Any CPU
		{180BB149-E97A-486D-BF94-7E5A9D318FA2}.Release|Any CPU.Build.0 = Release|Any CPU
		{13CEB994-34D7-4403-B1CC-76C90EBB671E}.Debug|Any CPU.ActiveCfg = Debug|Any CPU
		{13CEB994-34D7-4403-B1CC-76C90EBB671E}.Debug|Any CPU.Build.0 = Debug|Any CPU
		{13CEB994-34D7-4403-B1CC-76C90EBB671E}.Release|Any CPU.ActiveCfg = Release|Any CPU
		{13CEB994-34D7-4403-B1CC-76C90EBB671E}.Release|Any CPU.Build.0 = Release|Any CPU
	EndGlobalSection
	GlobalSection(SolutionProperties) = preSolution
		HideSolutionNode = FALSE
	EndGlobalSection
	GlobalSection(ExtensibilityGlobals) = postSolution
		SolutionGuid = {A805E9F0-611C-406C-A636-05D5129CF01B}
	EndGlobalSection
EndGlobal
